
Microsoft Visual Studio Solution File, Format Version 12.00
# Visual Studio Version 16
VisualStudioVersion = 16.0.29709.97
MinimumVisualStudioVersion = 10.0.40219.1
Project("{FAE04EC0-301F-11D3-BF4B-00C04F79EFBC}") = "02", "01\02.csproj", "{2CACD904-BB91-4C83-8A67-C3BDC7D41B19}"
EndProject
Project("{FAE04EC0-301F-11D3-BF4B-00C04F79EFBC}") = "03", "03\03.csproj", "{24794E6B-FE2C-4AE9-9E08-57746FE44A5A}"
EndProject
Project("{FAE04EC0-301F-11D3-BF4B-00C04F79EFBC}") = "04", "04\04.csproj", "{BDFAD9CA-6A5B-49D9-A305-B2045F0C134F}"
EndProject
Project("{FAE04EC0-301F-11D3-BF4B-00C04F79EFBC}") = "05", "05\05.csproj", "{2F4D1542-2503-45B3-B3D9-CD8B9F233AD1}"
EndProject
Global
	GlobalSection(SolutionConfigurationPlatforms) = preSolution
		Debug|Any CPU = Debug|Any CPU
		Release|Any CPU = Release|Any CPU
	EndGlobalSection
	GlobalSection(ProjectConfigurationPlatforms) = postSolution
		{2CACD904-BB91-4C83-8A67-C3BDC7D41B19}.Debug|Any CPU.ActiveCfg = Debug|Any CPU
		{2CACD904-BB91-4C83-8A67-C3BDC7D41B19}.Debug|Any CPU.Build.0 = Debug|Any CPU
		{2CACD904-BB91-4C83-8A67-C3BDC7D41B19}.Release|Any CPU.ActiveCfg = Release|Any CPU
		{2CACD904-BB91-4C83-8A67-C3BDC7D41B19}.Release|Any CPU.Build.0 = Release|Any CPU
		{24794E6B-FE2C-4AE9-9E08-57746FE44A5A}.Debug|Any CPU.ActiveCfg = Debug|Any CPU
		{24794E6B-FE2C-4AE9-9E08-57746FE44A5A}.Debug|Any CPU.Build.0 = Debug|Any CPU
		{24794E6B-FE2C-4AE9-9E08-57746FE44A5A}.Release|Any CPU.ActiveCfg = Release|Any CPU
		{24794E6B-FE2C-4AE9-9E08-57746FE44A5A}.Release|Any CPU.Build.0 = Release|Any CPU
		{BDFAD9CA-6A5B-49D9-A305-B2045F0C134F}.Debug|Any CPU.ActiveCfg = Debug|Any CPU
		{BDFAD9CA-6A5B-49D9-A305-B2045F0C134F}.Debug|Any CPU.Build.0 = Debug|Any CPU
		{BDFAD9CA-6A5B-49D9-A305-B2045F0C134F}.Release|Any CPU.ActiveCfg = Release|Any CPU
		{BDFAD9CA-6A5B-49D9-A305-B2045F0C134F}.Release|Any CPU.Build.0 = Release|Any CPU
		{2F4D1542-2503-45B3-B3D9-CD8B9F233AD1}.Debug|Any CPU.ActiveCfg = Debug|Any CPU
		{2F4D1542-2503-45B3-B3D9-CD8B9F233AD1}.Debug|Any CPU.Build.0 = Debug|Any CPU
		{2F4D1542-2503-45B3-B3D9-CD8B9F233AD1}.Release|Any CPU.ActiveCfg = Release|Any CPU
		{2F4D1542-2503-45B3-B3D9-CD8B9F233AD1}.Release|Any CPU.Build.0 = Release|Any CPU
	EndGlobalSection
	GlobalSection(SolutionProperties) = preSolution
		HideSolutionNode = FALSE
	EndGlobalSection
	GlobalSection(ExtensibilityGlobals) = postSolution
		SolutionGuid = {F3A0E92E-14F7-4ADB-9CD5-37C2D2A95BE0}
	EndGlobalSection
EndGlobal
